
Microsoft Visual Studio Solution File, Format Version 12.00
# Visual Studio Version 16
VisualStudioVersion = 16.0.29519.87
MinimumVisualStudioVersion = 10.0.40219.1
Project("{FAE04EC0-301F-11D3-BF4B-00C04F79EFBC}") = "ConsoleUI", "ConsoleUI\ConsoleUI.csproj", "{EFA81D43-A81C-4196-A306-B8FE301CC72D}"
EndProject
Project("{FAE04EC0-301F-11D3-BF4B-00C04F79EFBC}") = "BrownfieldLibrary", "BrownfieldLibrary\BrownfieldLibrary.csproj", "{B94D7AE1-3C00-4F94-8CF4-B416A5DBB165}"
EndProject
Global
	GlobalSection(SolutionConfigurationPlatforms) = preSolution
		Debug|Any CPU = Debug|Any CPU
		Release|Any CPU = Release|Any CPU
	EndGlobalSection
	GlobalSection(ProjectConfigurationPlatforms) = postSolution
		{EFA81D43-A81C-4196-A306-B8FE301CC72D}.Debug|Any CPU.ActiveCfg = Debug|Any CPU
		{EFA81D43-A81C-4196-A306-B8FE301CC72D}.Debug|Any CPU.Build.0 = Debug|Any CPU
		{EFA81D43-A81C-4196-A306-B8FE301CC72D}.Release|Any CPU.ActiveCfg = Release|Any CPU
		{EFA81D43-A81C-4196-A306-B8FE301CC72D}.Release|Any CPU.Build.0 = Release|Any CPU
		{B94D7AE1-3C00-4F94-8CF4-B416A5DBB165}.Debug|Any CPU.ActiveCfg = Debug|Any CPU
		{B94D7AE1-3C00-4F94-8CF4-B416A5DBB165}.Debug|Any CPU.Build.0 = Debug|Any CPU
		{B94D7AE1-3C00-4F94-8CF4-B416A5DBB165}.Release|Any CPU.ActiveCfg = Release|Any CPU
		{B94D7AE1-3C00-4F94-8CF4-B416A5DBB165}.Release|Any CPU.Build.0 = Release|Any CPU
	EndGlobalSection
	GlobalSection(SolutionProperties) = preSolution
		HideSolutionNode = FALSE
	EndGlobalSection
	GlobalSection(ExtensibilityGlobals) = postSolution
		SolutionGuid = {3E5C9CEC-4302-40AE-B38D-B5C846E40E21}
	EndGlobalSection
EndGlobal
